{
  "name": "iam",
  "version": "0.0.0",
  "lockfileVersion": 1,
  "requires": true,
  "dependencies": {
    "font-awesome": {
      "version": "4.7.0",
      "resolved": "https://registry.npmjs.org/font-awesome/-/font-awesome-4.7.0.tgz",
      "integrity": "sha1-j6jPBBGhoxr9B7BtKQK7n8gVoTM="
    },
    "hammerjs": {
      "version": "2.0.8",
      "resolved": "https://registry.npmjs.org/hammerjs/-/hammerjs-2.0.8.tgz",
      "integrity": "sha1-BO93hiz/K7edMPdpIJWTAiK/YPE="
    },
    "highlight.js": {
      "version": "9.12.0",
      "resolved": "https://registry.npmjs.org/highlight.js/-/highlight.js-9.12.0.tgz",
      "integrity": "sha1-5tnb5Xy+/mB1HwKvM2GVhwyQwB4="
    },
    "lodash.flow": {
      "version": "3.5.0",
      "resolved": "https://registry.npmjs.org/lodash.flow/-/lodash.flow-3.5.0.tgz",
      "integrity": "sha1-h79AKSuM+D5OjOGjrkIJ4gBxZ1o="
    },
    "markdown-it-block-embed": {
      "version": "0.0.3",
      "resolved": "https://registry.npmjs.org/markdown-it-block-embed/-/markdown-it-block-embed-0.0.3.tgz",
      "integrity": "sha1-XrCCU/NcN7NMB+7CueJ17oXuqQY="
    },
    "markdown-it-block-image": {
      "version": "0.0.3",
      "resolved": "https://registry.npmjs.org/markdown-it-block-image/-/markdown-it-block-image-0.0.3.tgz",
      "integrity": "sha1-0/5lDr8iFeosevtXezlOX3/8Eso="
    },
    "markdown-it-container": {
      "version": "2.0.0",
      "resolved": "https://registry.npmjs.org/markdown-it-container/-/markdown-it-container-2.0.0.tgz",
      "integrity": "sha1-ABm0P9Au7+zi8ZYKKJX7qBpARpU="
    },
    "markdown-it-highlightjs": {
      "version": "3.0.0",
      "resolved": "https://registry.npmjs.org/markdown-it-highlightjs/-/markdown-it-highlightjs-3.0.0.tgz",
      "integrity": "sha1-7T3WGcormOa/IRLRY79EQEM0AhA=",
      "requires": {
        "highlight.js": "9.12.0",
        "lodash.flow": "3.5.0"
      }
    },
    "markdown-it-video": {
      "version": "0.5.1",
      "resolved": "https://registry.npmjs.org/markdown-it-video/-/markdown-it-video-0.5.1.tgz",
      "integrity": "sha1-LdhOgGaQ6wbOawP5YQb1SKnFK1A="
    }
  }
}
